
Microsoft Visual Studio Solution File, Format Version 12.00
# Visual Studio Version 17
VisualStudioVersion = 17.0.31903.59
MinimumVisualStudioVersion = 10.0.40219.1
Project("{9A19103F-16F7-4668-BE54-9A1E7A4F7556}") = "TO2", "application\TO2.csproj", "{7DABAAB9-3CB8-4DF4-B663-E5D0F30067A6}"
EndProject
Project("{9A19103F-16F7-4668-BE54-9A1E7A4F7556}") = "Test", "Test\Test.csproj", "{C77E10CF-9349-4470-ADFD-5D5F4086D301}"
EndProject
Project("{9A19103F-16F7-4668-BE54-9A1E7A4F7556}") = "BDDTests", "BDDTests\BDDTests.csproj", "{508DF14A-A3FF-4959-B92C-5766C13B48A4}"
EndProject
Project("{FAE04EC0-301F-11D3-BF4B-00C04F79EFBC}") = "Benchmark", "Benchmark\Benchmark.csproj", "{880F3A19-4342-4774-8675-218364ACCB87}"
EndProject
Project("{FAE04EC0-301F-11D3-BF4B-00C04F79EFBC}") = "ProfilerTests", "ProfilerTests\ProfilerTests.csproj", "{90B4A8A7-0588-4727-B3D3-AE0A4B64B139}"
EndProject
Global
	GlobalSection(SolutionConfigurationPlatforms) = preSolution
		Debug|Any CPU = Debug|Any CPU
		Release|Any CPU = Release|Any CPU
	EndGlobalSection
	GlobalSection(ProjectConfigurationPlatforms) = postSolution
		{7DABAAB9-3CB8-4DF4-B663-E5D0F30067A6}.Debug|Any CPU.ActiveCfg = Debug|Any CPU
		{7DABAAB9-3CB8-4DF4-B663-E5D0F30067A6}.Debug|Any CPU.Build.0 = Debug|Any CPU
		{7DABAAB9-3CB8-4DF4-B663-E5D0F30067A6}.Release|Any CPU.ActiveCfg = Release|Any CPU
		{7DABAAB9-3CB8-4DF4-B663-E5D0F30067A6}.Release|Any CPU.Build.0 = Release|Any CPU
		{C77E10CF-9349-4470-ADFD-5D5F4086D301}.Debug|Any CPU.ActiveCfg = Debug|Any CPU
		{C77E10CF-9349-4470-ADFD-5D5F4086D301}.Debug|Any CPU.Build.0 = Debug|Any CPU
		{C77E10CF-9349-4470-ADFD-5D5F4086D301}.Release|Any CPU.ActiveCfg = Release|Any CPU
		{C77E10CF-9349-4470-ADFD-5D5F4086D301}.Release|Any CPU.Build.0 = Release|Any CPU
		{508DF14A-A3FF-4959-B92C-5766C13B48A4}.Debug|Any CPU.ActiveCfg = Debug|Any CPU
		{508DF14A-A3FF-4959-B92C-5766C13B48A4}.Debug|Any CPU.Build.0 = Debug|Any CPU
		{508DF14A-A3FF-4959-B92C-5766C13B48A4}.Release|Any CPU.ActiveCfg = Release|Any CPU
		{508DF14A-A3FF-4959-B92C-5766C13B48A4}.Release|Any CPU.Build.0 = Release|Any CPU
		{880F3A19-4342-4774-8675-218364ACCB87}.Debug|Any CPU.ActiveCfg = Debug|Any CPU
		{880F3A19-4342-4774-8675-218364ACCB87}.Debug|Any CPU.Build.0 = Debug|Any CPU
		{880F3A19-4342-4774-8675-218364ACCB87}.Release|Any CPU.ActiveCfg = Release|Any CPU
		{880F3A19-4342-4774-8675-218364ACCB87}.Release|Any CPU.Build.0 = Release|Any CPU
		{90B4A8A7-0588-4727-B3D3-AE0A4B64B139}.Debug|Any CPU.ActiveCfg = Debug|Any CPU
		{90B4A8A7-0588-4727-B3D3-AE0A4B64B139}.Debug|Any CPU.Build.0 = Debug|Any CPU
		{90B4A8A7-0588-4727-B3D3-AE0A4B64B139}.Release|Any CPU.ActiveCfg = Release|Any CPU
		{90B4A8A7-0588-4727-B3D3-AE0A4B64B139}.Release|Any CPU.Build.0 = Release|Any CPU
	EndGlobalSection
	GlobalSection(SolutionProperties) = preSolution
		HideSolutionNode = FALSE
	EndGlobalSection
	GlobalSection(ExtensibilityGlobals) = postSolution
		SolutionGuid = {751F7F6D-2524-49B3-A3D2-38430498A0E4}
	EndGlobalSection
EndGlobal
